// !$*UTF8*$!
{
	archiveVersion = 1;
	classes = {
	};
	objectVersion = 55;
	objects = {

/* Begin PBXBuildFile section */
		2282B38129C6E7CA002C4125 /* NewPostViewModel.swift in Sources */ = {isa = PBXBuildFile; fileRef = 2282B38029C6E7CA002C4125 /* NewPostViewModel.swift */; };
		228D5FD429CBE84B00439D78 /* FilterViewModel.swift in Sources */ = {isa = PBXBuildFile; fileRef = 228D5FD329CBE84B00439D78 /* FilterViewModel.swift */; };
		22A099A429D04749008BE7C7 /* BaseService.swift in Sources */ = {isa = PBXBuildFile; fileRef = 22A099A329D04749008BE7C7 /* BaseService.swift */; };
		22A099A629D047A8008BE7C7 /* User.swift in Sources */ = {isa = PBXBuildFile; fileRef = 22A099A529D047A8008BE7C7 /* User.swift */; };
		22A099A829D0538F008BE7C7 /* ServiceConstants.swift in Sources */ = {isa = PBXBuildFile; fileRef = 22A099A729D0538F008BE7C7 /* ServiceConstants.swift */; };
		22AEC96E29D5CF960076014A /* OTPViewModel.swift in Sources */ = {isa = PBXBuildFile; fileRef = 22AEC96D29D5CF960076014A /* OTPViewModel.swift */; };
		22AEC97029D5D4100076014A /* ConfirmPasswordViewModel.swift in Sources */ = {isa = PBXBuildFile; fileRef = 22AEC96F29D5D4100076014A /* ConfirmPasswordViewModel.swift */; };
		22AEC97229D5DCA50076014A /* AccountDetailViewModel.swift in Sources */ = {isa = PBXBuildFile; fileRef = 22AEC97129D5DCA50076014A /* AccountDetailViewModel.swift */; };
		22BDEFAA29D30BE9001C08CC /* AuthService.swift in Sources */ = {isa = PBXBuildFile; fileRef = 22BDEFA929D30BE8001C08CC /* AuthService.swift */; };
		22BDEFAC29D30EA0001C08CC /* SignInViewModel.swift in Sources */ = {isa = PBXBuildFile; fileRef = 22BDEFAB29D30EA0001C08CC /* SignInViewModel.swift */; };
		22BDEFAE29D3249E001C08CC /* SignUpViewModel.swift in Sources */ = {isa = PBXBuildFile; fileRef = 22BDEFAD29D3249E001C08CC /* SignUpViewModel.swift */; };
		22CB6A5E29D806DF009C4F4D /* DateFormatter+Ext.swift in Sources */ = {isa = PBXBuildFile; fileRef = 22CB6A5D29D806DF009C4F4D /* DateFormatter+Ext.swift */; };
		22CB6A6029D825AC009C4F4D /* AddressService.swift in Sources */ = {isa = PBXBuildFile; fileRef = 22CB6A5F29D825AB009C4F4D /* AddressService.swift */; };
		22CB6A6229D830CD009C4F4D /* BaseViewModel.swift in Sources */ = {isa = PBXBuildFile; fileRef = 22CB6A6129D830CD009C4F4D /* BaseViewModel.swift */; };
		22CB6A6429D832AC009C4F4D /* ProjectDetailViewModel.swift in Sources */ = {isa = PBXBuildFile; fileRef = 22CB6A6329D832AC009C4F4D /* ProjectDetailViewModel.swift */; };
		22CB6A6629D8330D009C4F4D /* PostDetailViewModel.swift in Sources */ = {isa = PBXBuildFile; fileRef = 22CB6A6529D8330D009C4F4D /* PostDetailViewModel.swift */; };
		22CB6A6829D86B71009C4F4D /* PostService.swift in Sources */ = {isa = PBXBuildFile; fileRef = 22CB6A6729D86B71009C4F4D /* PostService.swift */; };
		22CF839929D9B10900683B98 /* AWSService.swift in Sources */ = {isa = PBXBuildFile; fileRef = 22CF839829D9B10900683B98 /* AWSService.swift */; };
		22CF839B29D9B13200683B98 /* Asset.swift in Sources */ = {isa = PBXBuildFile; fileRef = 22CF839A29D9B13200683B98 /* Asset.swift */; };
		22CF839D29D9B14C00683B98 /* AssetDataModel.swift in Sources */ = {isa = PBXBuildFile; fileRef = 22CF839C29D9B14C00683B98 /* AssetDataModel.swift */; };
		22CF839F29D9B20600683B98 /* ImageCache.swift in Sources */ = {isa = PBXBuildFile; fileRef = 22CF839E29D9B20600683B98 /* ImageCache.swift */; };
		22CF83A329D9B34600683B98 /* NewPostImageCell.swift in Sources */ = {isa = PBXBuildFile; fileRef = 22CF83A129D9B34600683B98 /* NewPostImageCell.swift */; };
		22CF83A429D9B34600683B98 /* NewPostImageCell.xib in Resources */ = {isa = PBXBuildFile; fileRef = 22CF83A229D9B34600683B98 /* NewPostImageCell.xib */; };
		22CF83A629DB219400683B98 /* UIImage+Ext.swift in Sources */ = {isa = PBXBuildFile; fileRef = 22CF83A529DB219300683B98 /* UIImage+Ext.swift */; };
		22D2E25029C6C09900E46CAF /* AccountViewModel.swift in Sources */ = {isa = PBXBuildFile; fileRef = 22D2E24F29C6C09900E46CAF /* AccountViewModel.swift */; };
		22D2E25329C6C11600E46CAF /* UserDefault+Ext.swift in Sources */ = {isa = PBXBuildFile; fileRef = 22D2E25229C6C11600E46CAF /* UserDefault+Ext.swift */; };
		22EC390329C9D2AC00174D65 /* ProjectFilterResultTableViewCell.swift in Sources */ = {isa = PBXBuildFile; fileRef = 22EC390129C9D2AC00174D65 /* ProjectFilterResultTableViewCell.swift */; };
		22EC390429C9D2AC00174D65 /* ProjectFilterResultTableViewCell.xib in Resources */ = {isa = PBXBuildFile; fileRef = 22EC390229C9D2AC00174D65 /* ProjectFilterResultTableViewCell.xib */; };
		22EC390829CA968F00174D65 /* ResponseMain.swift in Sources */ = {isa = PBXBuildFile; fileRef = 22EC390729CA968E00174D65 /* ResponseMain.swift */; };
		8E04D744477EEFCB514E8B28 /* Pods_HuTi.framework in Frameworks */ = {isa = PBXBuildFile; fileRef = 29605AC57F7499D1B086D28D /* Pods_HuTi.framework */; };
		FC0E76C5299CDD4600E4818C /* SignUpViewController.swift in Sources */ = {isa = PBXBuildFile; fileRef = FC0E76C3299CDD4600E4818C /* SignUpViewController.swift */; };
		FC0E76C6299CDD4600E4818C /* SignUpViewController.xib in Resources */ = {isa = PBXBuildFile; fileRef = FC0E76C4299CDD4600E4818C /* SignUpViewController.xib */; };
		FC0E76CB299F254C00E4818C /* OTPViewController.swift in Sources */ = {isa = PBXBuildFile; fileRef = FC0E76C9299F254C00E4818C /* OTPViewController.swift */; };
		FC0E76CC299F254C00E4818C /* OTPViewController.xib in Resources */ = {isa = PBXBuildFile; fileRef = FC0E76CA299F254C00E4818C /* OTPViewController.xib */; };
		FC0E76D1299F2B5D00E4818C /* BaseViewController.swift in Sources */ = {isa = PBXBuildFile; fileRef = FC0E76D0299F2B5D00E4818C /* BaseViewController.swift */; };
		FC0E76FE29B1A19500E4818C /* ConfirmPasswordViewController.swift in Sources */ = {isa = PBXBuildFile; fileRef = FC0E76FC29B1A19400E4818C /* ConfirmPasswordViewController.swift */; };
		FC0E76FF29B1A19500E4818C /* ConfirmPasswordViewController.xib in Resources */ = {isa = PBXBuildFile; fileRef = FC0E76FD29B1A19400E4818C /* ConfirmPasswordViewController.xib */; };
		FC2E2C1729B71ABB00DADA16 /* AddressCollectionViewCell.swift in Sources */ = {isa = PBXBuildFile; fileRef = FC2E2C1529B71ABB00DADA16 /* AddressCollectionViewCell.swift */; };
		FC2E2C1829B71ABB00DADA16 /* AddressCollectionViewCell.xib in Resources */ = {isa = PBXBuildFile; fileRef = FC2E2C1629B71ABB00DADA16 /* AddressCollectionViewCell.xib */; };
		FC2E2C1C29B71C2100DADA16 /* FilterResultTableViewCell.swift in Sources */ = {isa = PBXBuildFile; fileRef = FC2E2C1A29B71C2100DADA16 /* FilterResultTableViewCell.swift */; };
		FC2E2C1D29B71C2100DADA16 /* FilterResultTableViewCell.xib in Resources */ = {isa = PBXBuildFile; fileRef = FC2E2C1B29B71C2100DADA16 /* FilterResultTableViewCell.xib */; };
		FC2E2C2029B73B4400DADA16 /* Post.swift in Sources */ = {isa = PBXBuildFile; fileRef = FC2E2C1F29B73B4400DADA16 /* Post.swift */; };
		FC2E2C2229B73BD700DADA16 /* Address.swift in Sources */ = {isa = PBXBuildFile; fileRef = FC2E2C2129B73BD700DADA16 /* Address.swift */; };
		FCBF7316299CC33500BF327A /* AppDelegate.swift in Sources */ = {isa = PBXBuildFile; fileRef = FCBF7315299CC33500BF327A /* AppDelegate.swift */; };
		FCBF7318299CC33500BF327A /* SceneDelegate.swift in Sources */ = {isa = PBXBuildFile; fileRef = FCBF7317299CC33500BF327A /* SceneDelegate.swift */; };
		FCBF731F299CC33A00BF327A /* Assets.xcassets in Resources */ = {isa = PBXBuildFile; fileRef = FCBF731E299CC33A00BF327A /* Assets.xcassets */; };
		FCBF7322299CC33A00BF327A /* LaunchScreen.storyboard in Resources */ = {isa = PBXBuildFile; fileRef = FCBF7320299CC33A00BF327A /* LaunchScreen.storyboard */; };
		FCBF732F299CC4E500BF327A /* SignInViewController.swift in Sources */ = {isa = PBXBuildFile; fileRef = FCBF732D299CC4E500BF327A /* SignInViewController.swift */; };
		FCBF7330299CC4E500BF327A /* SignInViewController.xib in Resources */ = {isa = PBXBuildFile; fileRef = FCBF732E299CC4E500BF327A /* SignInViewController.xib */; };
		FCC364FD29B6D91D001A9310 /* MainTabBarController.swift in Sources */ = {isa = PBXBuildFile; fileRef = FCC364FC29B6D91D001A9310 /* MainTabBarController.swift */; };
		FCC3650129B6D9A5001A9310 /* FilterResultViewController.swift in Sources */ = {isa = PBXBuildFile; fileRef = FCC364FF29B6D9A5001A9310 /* FilterResultViewController.swift */; };
		FCC3650229B6D9A5001A9310 /* FilterResultViewController.xib in Resources */ = {isa = PBXBuildFile; fileRef = FCC3650029B6D9A5001A9310 /* FilterResultViewController.xib */; };
		FCC3650429B6F164001A9310 /* FilterResultViewModel.swift in Sources */ = {isa = PBXBuildFile; fileRef = FCC3650329B6F164001A9310 /* FilterResultViewModel.swift */; };
		FCC3AD2729BB33010050B58B /* CommonConstants.swift in Sources */ = {isa = PBXBuildFile; fileRef = FCC3AD2629BB33000050B58B /* CommonConstants.swift */; };
		FCC3AD3129BF047B0050B58B /* PostedViewController.swift in Sources */ = {isa = PBXBuildFile; fileRef = FCC3AD2F29BF047B0050B58B /* PostedViewController.swift */; };
		FCC3AD3229BF047B0050B58B /* PostedViewController.xib in Resources */ = {isa = PBXBuildFile; fileRef = FCC3AD3029BF047B0050B58B /* PostedViewController.xib */; };
		FCC3AD3429BF04A60050B58B /* PostedViewModel.swift in Sources */ = {isa = PBXBuildFile; fileRef = FCC3AD3329BF04A60050B58B /* PostedViewModel.swift */; };
		FCC3AD3829C01EC90050B58B /* NewPostViewController.swift in Sources */ = {isa = PBXBuildFile; fileRef = FCC3AD3629C01EC90050B58B /* NewPostViewController.swift */; };
		FCC3AD3929C01EC90050B58B /* NewPostViewController.xib in Resources */ = {isa = PBXBuildFile; fileRef = FCC3AD3729C01EC90050B58B /* NewPostViewController.xib */; };
		FCC3AD3D29C1722F0050B58B /* FilterViewController.swift in Sources */ = {isa = PBXBuildFile; fileRef = FCC3AD3B29C1722F0050B58B /* FilterViewController.swift */; };
		FCC3AD3E29C1722F0050B58B /* FilterViewController.xib in Resources */ = {isa = PBXBuildFile; fileRef = FCC3AD3C29C1722F0050B58B /* FilterViewController.xib */; };
		FCC3AD4229C1C2220050B58B /* ProjectDetailViewController.swift in Sources */ = {isa = PBXBuildFile; fileRef = FCC3AD4029C1C2220050B58B /* ProjectDetailViewController.swift */; };
		FCC3AD4329C1C2220050B58B /* ProjectDetailViewController.xib in Resources */ = {isa = PBXBuildFile; fileRef = FCC3AD4129C1C2220050B58B /* ProjectDetailViewController.xib */; };
		FCC3AD4729C2F8C60050B58B /* PostDetailViewController.swift in Sources */ = {isa = PBXBuildFile; fileRef = FCC3AD4529C2F8C60050B58B /* PostDetailViewController.swift */; };
		FCC3AD4829C2F8C60050B58B /* PostDetailViewController.xib in Resources */ = {isa = PBXBuildFile; fileRef = FCC3AD4629C2F8C60050B58B /* PostDetailViewController.xib */; };
		FCC3AD4B29C4236E0050B58B /* BackButton.swift in Sources */ = {isa = PBXBuildFile; fileRef = FCC3AD4A29C4236E0050B58B /* BackButton.swift */; };
		FCEE1A1E29B9DAD700AEF380 /* AccountViewController.swift in Sources */ = {isa = PBXBuildFile; fileRef = FCEE1A1C29B9DAD600AEF380 /* AccountViewController.swift */; };
		FCEE1A1F29B9DAD700AEF380 /* AccountViewController.xib in Resources */ = {isa = PBXBuildFile; fileRef = FCEE1A1D29B9DAD600AEF380 /* AccountViewController.xib */; };
		FCEE1A2429BAD27500AEF380 /* AccountDetailViewController.swift in Sources */ = {isa = PBXBuildFile; fileRef = FCEE1A2229BAD27500AEF380 /* AccountDetailViewController.swift */; };
		FCEE1A2529BAD27500AEF380 /* AccountDetailViewController.xib in Resources */ = {isa = PBXBuildFile; fileRef = FCEE1A2329BAD27500AEF380 /* AccountDetailViewController.xib */; };
/* End PBXBuildFile section */

/* Begin PBXFileReference section */
		202975FB1ABBB5219A59709D /* Pods-HuTi.release.xcconfig */ = {isa = PBXFileReference; includeInIndex = 1; lastKnownFileType = text.xcconfig; name = "Pods-HuTi.release.xcconfig"; path = "Target Support Files/Pods-HuTi/Pods-HuTi.release.xcconfig"; sourceTree = "<group>"; };
		2282B38029C6E7CA002C4125 /* NewPostViewModel.swift */ = {isa = PBXFileReference; lastKnownFileType = sourcecode.swift; path = NewPostViewModel.swift; sourceTree = "<group>"; };
		228D5FD329CBE84B00439D78 /* FilterViewModel.swift */ = {isa = PBXFileReference; lastKnownFileType = sourcecode.swift; path = FilterViewModel.swift; sourceTree = "<group>"; };
		22A099A329D04749008BE7C7 /* BaseService.swift */ = {isa = PBXFileReference; lastKnownFileType = sourcecode.swift; path = BaseService.swift; sourceTree = "<group>"; };
		22A099A529D047A8008BE7C7 /* User.swift */ = {isa = PBXFileReference; lastKnownFileType = sourcecode.swift; path = User.swift; sourceTree = "<group>"; };
		22A099A729D0538F008BE7C7 /* ServiceConstants.swift */ = {isa = PBXFileReference; lastKnownFileType = sourcecode.swift; path = ServiceConstants.swift; sourceTree = "<group>"; };
		22AEC96D29D5CF960076014A /* OTPViewModel.swift */ = {isa = PBXFileReference; lastKnownFileType = sourcecode.swift; path = OTPViewModel.swift; sourceTree = "<group>"; };
		22AEC96F29D5D4100076014A /* ConfirmPasswordViewModel.swift */ = {isa = PBXFileReference; lastKnownFileType = sourcecode.swift; path = ConfirmPasswordViewModel.swift; sourceTree = "<group>"; };
		22AEC97129D5DCA50076014A /* AccountDetailViewModel.swift */ = {isa = PBXFileReference; lastKnownFileType = sourcecode.swift; path = AccountDetailViewModel.swift; sourceTree = "<group>"; };
		22BDEFA929D30BE8001C08CC /* AuthService.swift */ = {isa = PBXFileReference; lastKnownFileType = sourcecode.swift; path = AuthService.swift; sourceTree = "<group>"; };
		22BDEFAB29D30EA0001C08CC /* SignInViewModel.swift */ = {isa = PBXFileReference; lastKnownFileType = sourcecode.swift; path = SignInViewModel.swift; sourceTree = "<group>"; };
		22BDEFAD29D3249E001C08CC /* SignUpViewModel.swift */ = {isa = PBXFileReference; lastKnownFileType = sourcecode.swift; path = SignUpViewModel.swift; sourceTree = "<group>"; };
		22CB6A5D29D806DF009C4F4D /* DateFormatter+Ext.swift */ = {isa = PBXFileReference; lastKnownFileType = sourcecode.swift; path = "DateFormatter+Ext.swift"; sourceTree = "<group>"; };
		22CB6A5F29D825AB009C4F4D /* AddressService.swift */ = {isa = PBXFileReference; lastKnownFileType = sourcecode.swift; path = AddressService.swift; sourceTree = "<group>"; };
		22CB6A6129D830CD009C4F4D /* BaseViewModel.swift */ = {isa = PBXFileReference; lastKnownFileType = sourcecode.swift; path = BaseViewModel.swift; sourceTree = "<group>"; };
		22CB6A6329D832AC009C4F4D /* ProjectDetailViewModel.swift */ = {isa = PBXFileReference; lastKnownFileType = sourcecode.swift; path = ProjectDetailViewModel.swift; sourceTree = "<group>"; };
		22CB6A6529D8330D009C4F4D /* PostDetailViewModel.swift */ = {isa = PBXFileReference; lastKnownFileType = sourcecode.swift; path = PostDetailViewModel.swift; sourceTree = "<group>"; };
		22CB6A6729D86B71009C4F4D /* PostService.swift */ = {isa = PBXFileReference; lastKnownFileType = sourcecode.swift; path = PostService.swift; sourceTree = "<group>"; };
		22CF839829D9B10900683B98 /* AWSService.swift */ = {isa = PBXFileReference; lastKnownFileType = sourcecode.swift; path = AWSService.swift; sourceTree = "<group>"; };
		22CF839A29D9B13200683B98 /* Asset.swift */ = {isa = PBXFileReference; lastKnownFileType = sourcecode.swift; path = Asset.swift; sourceTree = "<group>"; };
		22CF839C29D9B14C00683B98 /* AssetDataModel.swift */ = {isa = PBXFileReference; lastKnownFileType = sourcecode.swift; path = AssetDataModel.swift; sourceTree = "<group>"; };
		22CF839E29D9B20600683B98 /* ImageCache.swift */ = {isa = PBXFileReference; lastKnownFileType = sourcecode.swift; path = ImageCache.swift; sourceTree = "<group>"; };
		22CF83A129D9B34600683B98 /* NewPostImageCell.swift */ = {isa = PBXFileReference; lastKnownFileType = sourcecode.swift; path = NewPostImageCell.swift; sourceTree = "<group>"; };
		22CF83A229D9B34600683B98 /* NewPostImageCell.xib */ = {isa = PBXFileReference; lastKnownFileType = file.xib; path = NewPostImageCell.xib; sourceTree = "<group>"; };
		22CF83A529DB219300683B98 /* UIImage+Ext.swift */ = {isa = PBXFileReference; lastKnownFileType = sourcecode.swift; path = "UIImage+Ext.swift"; sourceTree = "<group>"; };
		22D2E24F29C6C09900E46CAF /* AccountViewModel.swift */ = {isa = PBXFileReference; lastKnownFileType = sourcecode.swift; path = AccountViewModel.swift; sourceTree = "<group>"; };
		22D2E25229C6C11600E46CAF /* UserDefault+Ext.swift */ = {isa = PBXFileReference; lastKnownFileType = sourcecode.swift; path = "UserDefault+Ext.swift"; sourceTree = "<group>"; };
		22EC390129C9D2AC00174D65 /* ProjectFilterResultTableViewCell.swift */ = {isa = PBXFileReference; lastKnownFileType = sourcecode.swift; path = ProjectFilterResultTableViewCell.swift; sourceTree = "<group>"; };
		22EC390229C9D2AC00174D65 /* ProjectFilterResultTableViewCell.xib */ = {isa = PBXFileReference; lastKnownFileType = file.xib; path = ProjectFilterResultTableViewCell.xib; sourceTree = "<group>"; };
		22EC390729CA968E00174D65 /* ResponseMain.swift */ = {isa = PBXFileReference; lastKnownFileType = sourcecode.swift; path = ResponseMain.swift; sourceTree = "<group>"; };
		29605AC57F7499D1B086D28D /* Pods_HuTi.framework */ = {isa = PBXFileReference; explicitFileType = wrapper.framework; includeInIndex = 0; path = Pods_HuTi.framework; sourceTree = BUILT_PRODUCTS_DIR; };
		620668C98BB036879901C46F /* Pods-HuTi.debug.xcconfig */ = {isa = PBXFileReference; includeInIndex = 1; lastKnownFileType = text.xcconfig; name = "Pods-HuTi.debug.xcconfig"; path = "Target Support Files/Pods-HuTi/Pods-HuTi.debug.xcconfig"; sourceTree = "<group>"; };
		FC0E76C3299CDD4600E4818C /* SignUpViewController.swift */ = {isa = PBXFileReference; lastKnownFileType = sourcecode.swift; path = SignUpViewController.swift; sourceTree = "<group>"; };
		FC0E76C4299CDD4600E4818C /* SignUpViewController.xib */ = {isa = PBXFileReference; lastKnownFileType = file.xib; path = SignUpViewController.xib; sourceTree = "<group>"; };
		FC0E76C9299F254C00E4818C /* OTPViewController.swift */ = {isa = PBXFileReference; lastKnownFileType = sourcecode.swift; path = OTPViewController.swift; sourceTree = "<group>"; };
		FC0E76CA299F254C00E4818C /* OTPViewController.xib */ = {isa = PBXFileReference; lastKnownFileType = file.xib; path = OTPViewController.xib; sourceTree = "<group>"; };
		FC0E76D0299F2B5D00E4818C /* BaseViewController.swift */ = {isa = PBXFileReference; lastKnownFileType = sourcecode.swift; path = BaseViewController.swift; sourceTree = "<group>"; };
		FC0E76FC29B1A19400E4818C /* ConfirmPasswordViewController.swift */ = {isa = PBXFileReference; lastKnownFileType = sourcecode.swift; path = ConfirmPasswordViewController.swift; sourceTree = "<group>"; };
		FC0E76FD29B1A19400E4818C /* ConfirmPasswordViewController.xib */ = {isa = PBXFileReference; lastKnownFileType = file.xib; path = ConfirmPasswordViewController.xib; sourceTree = "<group>"; };
		FC2E2C1529B71ABB00DADA16 /* AddressCollectionViewCell.swift */ = {isa = PBXFileReference; lastKnownFileType = sourcecode.swift; path = AddressCollectionViewCell.swift; sourceTree = "<group>"; };
		FC2E2C1629B71ABB00DADA16 /* AddressCollectionViewCell.xib */ = {isa = PBXFileReference; lastKnownFileType = file.xib; path = AddressCollectionViewCell.xib; sourceTree = "<group>"; };
		FC2E2C1A29B71C2100DADA16 /* FilterResultTableViewCell.swift */ = {isa = PBXFileReference; lastKnownFileType = sourcecode.swift; path = FilterResultTableViewCell.swift; sourceTree = "<group>"; };
		FC2E2C1B29B71C2100DADA16 /* FilterResultTableViewCell.xib */ = {isa = PBXFileReference; lastKnownFileType = file.xib; path = FilterResultTableViewCell.xib; sourceTree = "<group>"; };
		FC2E2C1F29B73B4400DADA16 /* Post.swift */ = {isa = PBXFileReference; lastKnownFileType = sourcecode.swift; path = Post.swift; sourceTree = "<group>"; };
		FC2E2C2129B73BD700DADA16 /* Address.swift */ = {isa = PBXFileReference; lastKnownFileType = sourcecode.swift; path = Address.swift; sourceTree = "<group>"; };
		FCBF7312299CC33500BF327A /* HuTi.app */ = {isa = PBXFileReference; explicitFileType = wrapper.application; includeInIndex = 0; path = HuTi.app; sourceTree = BUILT_PRODUCTS_DIR; };
		FCBF7315299CC33500BF327A /* AppDelegate.swift */ = {isa = PBXFileReference; lastKnownFileType = sourcecode.swift; path = AppDelegate.swift; sourceTree = "<group>"; };
		FCBF7317299CC33500BF327A /* SceneDelegate.swift */ = {isa = PBXFileReference; lastKnownFileType = sourcecode.swift; path = SceneDelegate.swift; sourceTree = "<group>"; };
		FCBF731E299CC33A00BF327A /* Assets.xcassets */ = {isa = PBXFileReference; lastKnownFileType = folder.assetcatalog; path = Assets.xcassets; sourceTree = "<group>"; };
		FCBF7321299CC33A00BF327A /* Base */ = {isa = PBXFileReference; lastKnownFileType = file.storyboard; name = Base; path = Base.lproj/LaunchScreen.storyboard; sourceTree = "<group>"; };
		FCBF7323299CC33A00BF327A /* Info.plist */ = {isa = PBXFileReference; lastKnownFileType = text.plist.xml; path = Info.plist; sourceTree = "<group>"; };
		FCBF732D299CC4E500BF327A /* SignInViewController.swift */ = {isa = PBXFileReference; lastKnownFileType = sourcecode.swift; path = SignInViewController.swift; sourceTree = "<group>"; };
		FCBF732E299CC4E500BF327A /* SignInViewController.xib */ = {isa = PBXFileReference; lastKnownFileType = file.xib; path = SignInViewController.xib; sourceTree = "<group>"; };
		FCC364FC29B6D91D001A9310 /* MainTabBarController.swift */ = {isa = PBXFileReference; lastKnownFileType = sourcecode.swift; path = MainTabBarController.swift; sourceTree = "<group>"; };
		FCC364FF29B6D9A5001A9310 /* FilterResultViewController.swift */ = {isa = PBXFileReference; lastKnownFileType = sourcecode.swift; path = FilterResultViewController.swift; sourceTree = "<group>"; };
		FCC3650029B6D9A5001A9310 /* FilterResultViewController.xib */ = {isa = PBXFileReference; lastKnownFileType = file.xib; path = FilterResultViewController.xib; sourceTree = "<group>"; };
		FCC3650329B6F164001A9310 /* FilterResultViewModel.swift */ = {isa = PBXFileReference; lastKnownFileType = sourcecode.swift; path = FilterResultViewModel.swift; sourceTree = "<group>"; };
		FCC3AD2629BB33000050B58B /* CommonConstants.swift */ = {isa = PBXFileReference; lastKnownFileType = sourcecode.swift; path = CommonConstants.swift; sourceTree = "<group>"; };
		FCC3AD2F29BF047B0050B58B /* PostedViewController.swift */ = {isa = PBXFileReference; lastKnownFileType = sourcecode.swift; path = PostedViewController.swift; sourceTree = "<group>"; };
		FCC3AD3029BF047B0050B58B /* PostedViewController.xib */ = {isa = PBXFileReference; lastKnownFileType = file.xib; path = PostedViewController.xib; sourceTree = "<group>"; };
		FCC3AD3329BF04A60050B58B /* PostedViewModel.swift */ = {isa = PBXFileReference; lastKnownFileType = sourcecode.swift; path = PostedViewModel.swift; sourceTree = "<group>"; };
		FCC3AD3629C01EC90050B58B /* NewPostViewController.swift */ = {isa = PBXFileReference; lastKnownFileType = sourcecode.swift; path = NewPostViewController.swift; sourceTree = "<group>"; };
		FCC3AD3729C01EC90050B58B /* NewPostViewController.xib */ = {isa = PBXFileReference; lastKnownFileType = file.xib; path = NewPostViewController.xib; sourceTree = "<group>"; };
		FCC3AD3B29C1722F0050B58B /* FilterViewController.swift */ = {isa = PBXFileReference; lastKnownFileType = sourcecode.swift; path = FilterViewController.swift; sourceTree = "<group>"; };
		FCC3AD3C29C1722F0050B58B /* FilterViewController.xib */ = {isa = PBXFileReference; lastKnownFileType = file.xib; path = FilterViewController.xib; sourceTree = "<group>"; };
		FCC3AD4029C1C2220050B58B /* ProjectDetailViewController.swift */ = {isa = PBXFileReference; lastKnownFileType = sourcecode.swift; path = ProjectDetailViewController.swift; sourceTree = "<group>"; };
		FCC3AD4129C1C2220050B58B /* ProjectDetailViewController.xib */ = {isa = PBXFileReference; lastKnownFileType = file.xib; path = ProjectDetailViewController.xib; sourceTree = "<group>"; };
		FCC3AD4529C2F8C60050B58B /* PostDetailViewController.swift */ = {isa = PBXFileReference; lastKnownFileType = sourcecode.swift; path = PostDetailViewController.swift; sourceTree = "<group>"; };
		FCC3AD4629C2F8C60050B58B /* PostDetailViewController.xib */ = {isa = PBXFileReference; lastKnownFileType = file.xib; path = PostDetailViewController.xib; sourceTree = "<group>"; };
		FCC3AD4A29C4236E0050B58B /* BackButton.swift */ = {isa = PBXFileReference; lastKnownFileType = sourcecode.swift; path = BackButton.swift; sourceTree = "<group>"; };
		FCEE1A1C29B9DAD600AEF380 /* AccountViewController.swift */ = {isa = PBXFileReference; lastKnownFileType = sourcecode.swift; path = AccountViewController.swift; sourceTree = "<group>"; };
		FCEE1A1D29B9DAD600AEF380 /* AccountViewController.xib */ = {isa = PBXFileReference; lastKnownFileType = file.xib; path = AccountViewController.xib; sourceTree = "<group>"; };
		FCEE1A2229BAD27500AEF380 /* AccountDetailViewController.swift */ = {isa = PBXFileReference; lastKnownFileType = sourcecode.swift; path = AccountDetailViewController.swift; sourceTree = "<group>"; };
		FCEE1A2329BAD27500AEF380 /* AccountDetailViewController.xib */ = {isa = PBXFileReference; lastKnownFileType = file.xib; path = AccountDetailViewController.xib; sourceTree = "<group>"; };
/* End PBXFileReference section */

/* Begin PBXFrameworksBuildPhase section */
		FCBF730F299CC33500BF327A /* Frameworks */ = {
			isa = PBXFrameworksBuildPhase;
			buildActionMask = 2147483647;
			files = (
				8E04D744477EEFCB514E8B28 /* Pods_HuTi.framework in Frameworks */,
			);
			runOnlyForDeploymentPostprocessing = 0;
		};
/* End PBXFrameworksBuildPhase section */

/* Begin PBXGroup section */
		0CEE159E96CA1DD043BDB884 /* Frameworks */ = {
			isa = PBXGroup;
			children = (
				29605AC57F7499D1B086D28D /* Pods_HuTi.framework */,
			);
			name = Frameworks;
			sourceTree = "<group>";
		};
		22A099A229D04732008BE7C7 /* Service */ = {
			isa = PBXGroup;
			children = (
				22A099A329D04749008BE7C7 /* BaseService.swift */,
				22BDEFA929D30BE8001C08CC /* AuthService.swift */,
				22CB6A5F29D825AB009C4F4D /* AddressService.swift */,
				22CB6A6729D86B71009C4F4D /* PostService.swift */,
				22CF839829D9B10900683B98 /* AWSService.swift */,
			);
			path = Service;
			sourceTree = "<group>";
		};
		22CF83A029D9B31500683B98 /* NewPostImageCell */ = {
			isa = PBXGroup;
			children = (
				22CF83A129D9B34600683B98 /* NewPostImageCell.swift */,
				22CF83A229D9B34600683B98 /* NewPostImageCell.xib */,
			);
			path = NewPostImageCell;
			sourceTree = "<group>";
		};
		22D2E25129C6C0FA00E46CAF /* Extensions */ = {
			isa = PBXGroup;
			children = (
				22D2E25229C6C11600E46CAF /* UserDefault+Ext.swift */,
				22CB6A5D29D806DF009C4F4D /* DateFormatter+Ext.swift */,
				22CF839E29D9B20600683B98 /* ImageCache.swift */,
				22CF83A529DB219300683B98 /* UIImage+Ext.swift */,
			);
			path = Extensions;
			sourceTree = "<group>";
		};
		22EC390029C9D24400174D65 /* ProjectFilterResultTableViewCell */ = {
			isa = PBXGroup;
			children = (
				22EC390129C9D2AC00174D65 /* ProjectFilterResultTableViewCell.swift */,
				22EC390229C9D2AC00174D65 /* ProjectFilterResultTableViewCell.xib */,
			);
			path = ProjectFilterResultTableViewCell;
			sourceTree = "<group>";
		};
		4EDACB083F25C42C5C30435E /* Pods */ = {
			isa = PBXGroup;
			children = (
				620668C98BB036879901C46F /* Pods-HuTi.debug.xcconfig */,
				202975FB1ABBB5219A59709D /* Pods-HuTi.release.xcconfig */,
			);
			path = Pods;
			sourceTree = "<group>";
		};
		FC0E76C7299CDD4D00E4818C /* SignUp */ = {
			isa = PBXGroup;
			children = (
				FC0E76C3299CDD4600E4818C /* SignUpViewController.swift */,
				22BDEFAD29D3249E001C08CC /* SignUpViewModel.swift */,
				FC0E76C4299CDD4600E4818C /* SignUpViewController.xib */,
			);
			path = SignUp;
			sourceTree = "<group>";
		};
		FC0E76C8299F223C00E4818C /* OTP */ = {
			isa = PBXGroup;
			children = (
				FC0E76C9299F254C00E4818C /* OTPViewController.swift */,
				22AEC96D29D5CF960076014A /* OTPViewModel.swift */,
				FC0E76CA299F254C00E4818C /* OTPViewController.xib */,
			);
			path = OTP;
			sourceTree = "<group>";
		};
		FC0E76CD299F2AA400E4818C /* BaseClass */ = {
			isa = PBXGroup;
			children = (
				FC0E76D0299F2B5D00E4818C /* BaseViewController.swift */,
				22CB6A6129D830CD009C4F4D /* BaseViewModel.swift */,
			);
			path = BaseClass;
			sourceTree = "<group>";
		};
		FC0E770029B1A19B00E4818C /* ConfirmPassword */ = {
			isa = PBXGroup;
			children = (
				FC0E76FC29B1A19400E4818C /* ConfirmPasswordViewController.swift */,
				22AEC96F29D5D4100076014A /* ConfirmPasswordViewModel.swift */,
				FC0E76FD29B1A19400E4818C /* ConfirmPasswordViewController.xib */,
			);
			name = ConfirmPassword;
			sourceTree = "<group>";
		};
		FC2E2C1329B71A7F00DADA16 /* Cell */ = {
			isa = PBXGroup;
			children = (
				22CF83A029D9B31500683B98 /* NewPostImageCell */,
				22EC390029C9D24400174D65 /* ProjectFilterResultTableViewCell */,
				FC2E2C1929B71B7300DADA16 /* FilterResultTableViewCell */,
				FC2E2C1429B71A8D00DADA16 /* AddressCollectionViewCell */,
			);
			path = Cell;
			sourceTree = "<group>";
		};
		FC2E2C1429B71A8D00DADA16 /* AddressCollectionViewCell */ = {
			isa = PBXGroup;
			children = (
				FC2E2C1529B71ABB00DADA16 /* AddressCollectionViewCell.swift */,
				FC2E2C1629B71ABB00DADA16 /* AddressCollectionViewCell.xib */,
			);
			path = AddressCollectionViewCell;
			sourceTree = "<group>";
		};
		FC2E2C1929B71B7300DADA16 /* FilterResultTableViewCell */ = {
			isa = PBXGroup;
			children = (
				FC2E2C1A29B71C2100DADA16 /* FilterResultTableViewCell.swift */,
				FC2E2C1B29B71C2100DADA16 /* FilterResultTableViewCell.xib */,
			);
			path = FilterResultTableViewCell;
			sourceTree = "<group>";
		};
		FC2E2C1E29B73B1500DADA16 /* Models */ = {
			isa = PBXGroup;
			children = (
				FC2E2C1F29B73B4400DADA16 /* Post.swift */,
				22EC390729CA968E00174D65 /* ResponseMain.swift */,
				22A099A529D047A8008BE7C7 /* User.swift */,
				22CF839A29D9B13200683B98 /* Asset.swift */,
				FC2E2C2129B73BD700DADA16 /* Address.swift */,
				22CF839C29D9B14C00683B98 /* AssetDataModel.swift */,
			);
			path = Models;
			sourceTree = "<group>";
		};
		FCBF7309299CC33500BF327A = {
			isa = PBXGroup;
			children = (
				FCBF7314299CC33500BF327A /* HuTi */,
				FCBF7313299CC33500BF327A /* Products */,
				4EDACB083F25C42C5C30435E /* Pods */,
				0CEE159E96CA1DD043BDB884 /* Frameworks */,
			);
			sourceTree = "<group>";
		};
		FCBF7313299CC33500BF327A /* Products */ = {
			isa = PBXGroup;
			children = (
				FCBF7312299CC33500BF327A /* HuTi.app */,
			);
			name = Products;
			sourceTree = "<group>";
		};
		FCBF7314299CC33500BF327A /* HuTi */ = {
			isa = PBXGroup;
			children = (
				FCBF732A299CC37100BF327A /* Application */,
				FCBF732B299CC44000BF327A /* Resource */,
				FC2E2C1329B71A7F00DADA16 /* Cell */,
				FCC3AD4929C422F70050B58B /* CustomClass */,
				FCEE1A2929BB2DE900AEF380 /* Constants */,
				FC0E76CD299F2AA400E4818C /* BaseClass */,
				22D2E25129C6C0FA00E46CAF /* Extensions */,
				FCBF7329299CC36500BF327A /* Modules */,
				FC2E2C1E29B73B1500DADA16 /* Models */,
				22A099A229D04732008BE7C7 /* Service */,
				FCBF7323299CC33A00BF327A /* Info.plist */,
			);
			path = HuTi;
			sourceTree = "<group>";
		};
		FCBF7329299CC36500BF327A /* Modules */ = {
			isa = PBXGroup;
			children = (
				FCBF732C299CC48C00BF327A /* SignIn */,
				FC0E76C7299CDD4D00E4818C /* SignUp */,
				FC0E76C8299F223C00E4818C /* OTP */,
				FC0E770029B1A19B00E4818C /* ConfirmPassword */,
				FCC364FE29B6D959001A9310 /* FilterResult */,
				FCC3AD3A29C1714B0050B58B /* Filter */,
				FCC3AD3F29C1C0830050B58B /* ProjectDetail */,
				FCC3AD4429C2F8A60050B58B /* PostDetail */,
				FCEE1A2029B9DAE400AEF380 /* Account */,
				FCC3AD3529C01EA50050B58B /* NewPost */,
				FCEE1A2129BAD25900AEF380 /* AccountDetail */,
				FCC3AD2829BEF9380050B58B /* Posted */,
			);
			path = Modules;
			sourceTree = "<group>";
		};
		FCBF732A299CC37100BF327A /* Application */ = {
			isa = PBXGroup;
			children = (
				FCBF7315299CC33500BF327A /* AppDelegate.swift */,
				FCBF7317299CC33500BF327A /* SceneDelegate.swift */,
			);
			path = Application;
			sourceTree = "<group>";
		};
		FCBF732B299CC44000BF327A /* Resource */ = {
			isa = PBXGroup;
			children = (
				FCBF7320299CC33A00BF327A /* LaunchScreen.storyboard */,
				FCBF731E299CC33A00BF327A /* Assets.xcassets */,
			);
			path = Resource;
			sourceTree = "<group>";
		};
		FCBF732C299CC48C00BF327A /* SignIn */ = {
			isa = PBXGroup;
			children = (
				FCBF732D299CC4E500BF327A /* SignInViewController.swift */,
				22BDEFAB29D30EA0001C08CC /* SignInViewModel.swift */,
				FCBF732E299CC4E500BF327A /* SignInViewController.xib */,
			);
			path = SignIn;
			sourceTree = "<group>";
		};
		FCC364FE29B6D959001A9310 /* FilterResult */ = {
			isa = PBXGroup;
			children = (
				FCC364FF29B6D9A5001A9310 /* FilterResultViewController.swift */,
				FCC3650329B6F164001A9310 /* FilterResultViewModel.swift */,
				FCC3650029B6D9A5001A9310 /* FilterResultViewController.xib */,
			);
			path = FilterResult;
			sourceTree = "<group>";
		};
		FCC3AD2829BEF9380050B58B /* Posted */ = {
			isa = PBXGroup;
			children = (
				FCC3AD2F29BF047B0050B58B /* PostedViewController.swift */,
				FCC3AD3329BF04A60050B58B /* PostedViewModel.swift */,
				FCC3AD3029BF047B0050B58B /* PostedViewController.xib */,
			);
			path = Posted;
			sourceTree = "<group>";
		};
		FCC3AD3529C01EA50050B58B /* NewPost */ = {
			isa = PBXGroup;
			children = (
				FCC3AD3629C01EC90050B58B /* NewPostViewController.swift */,
				2282B38029C6E7CA002C4125 /* NewPostViewModel.swift */,
				FCC3AD3729C01EC90050B58B /* NewPostViewController.xib */,
			);
			path = NewPost;
			sourceTree = "<group>";
		};
		FCC3AD3A29C1714B0050B58B /* Filter */ = {
			isa = PBXGroup;
			children = (
				FCC3AD3B29C1722F0050B58B /* FilterViewController.swift */,
				228D5FD329CBE84B00439D78 /* FilterViewModel.swift */,
				FCC3AD3C29C1722F0050B58B /* FilterViewController.xib */,
			);
			path = Filter;
			sourceTree = "<group>";
		};
		FCC3AD3F29C1C0830050B58B /* ProjectDetail */ = {
			isa = PBXGroup;
			children = (
				FCC3AD4029C1C2220050B58B /* ProjectDetailViewController.swift */,
				FCC3AD4129C1C2220050B58B /* ProjectDetailViewController.xib */,
				22CB6A6329D832AC009C4F4D /* ProjectDetailViewModel.swift */,
			);
			path = ProjectDetail;
			sourceTree = "<group>";
		};
		FCC3AD4429C2F8A60050B58B /* PostDetail */ = {
			isa = PBXGroup;
			children = (
				FCC3AD4529C2F8C60050B58B /* PostDetailViewController.swift */,
				22CB6A6529D8330D009C4F4D /* PostDetailViewModel.swift */,
				FCC3AD4629C2F8C60050B58B /* PostDetailViewController.xib */,
			);
			path = PostDetail;
			sourceTree = "<group>";
		};
		FCC3AD4929C422F70050B58B /* CustomClass */ = {
			isa = PBXGroup;
			children = (
				FCC364FC29B6D91D001A9310 /* MainTabBarController.swift */,
				FCC3AD4A29C4236E0050B58B /* BackButton.swift */,
			);
			path = CustomClass;
			sourceTree = "<group>";
		};
		FCEE1A2029B9DAE400AEF380 /* Account */ = {
			isa = PBXGroup;
			children = (
				FCEE1A1C29B9DAD600AEF380 /* AccountViewController.swift */,
				22D2E24F29C6C09900E46CAF /* AccountViewModel.swift */,
				FCEE1A1D29B9DAD600AEF380 /* AccountViewController.xib */,
			);
			path = Account;
			sourceTree = "<group>";
		};
		FCEE1A2129BAD25900AEF380 /* AccountDetail */ = {
			isa = PBXGroup;
			children = (
				FCEE1A2229BAD27500AEF380 /* AccountDetailViewController.swift */,
				22AEC97129D5DCA50076014A /* AccountDetailViewModel.swift */,
				FCEE1A2329BAD27500AEF380 /* AccountDetailViewController.xib */,
			);
			path = AccountDetail;
			sourceTree = "<group>";
		};
		FCEE1A2929BB2DE900AEF380 /* Constants */ = {
			isa = PBXGroup;
			children = (
				FCC3AD2629BB33000050B58B /* CommonConstants.swift */,
				22A099A729D0538F008BE7C7 /* ServiceConstants.swift */,
			);
			path = Constants;
			sourceTree = "<group>";
		};
/* End PBXGroup section */

/* Begin PBXNativeTarget section */
		FCBF7311299CC33500BF327A /* HuTi */ = {
			isa = PBXNativeTarget;
			buildConfigurationList = FCBF7326299CC33A00BF327A /* Build configuration list for PBXNativeTarget "HuTi" */;
			buildPhases = (
				9712E1503051066EDA9865DC /* [CP] Check Pods Manifest.lock */,
				FCBF730E299CC33500BF327A /* Sources */,
				FCBF730F299CC33500BF327A /* Frameworks */,
				FCBF7310299CC33500BF327A /* Resources */,
				947E65E93AE47301AB7714BB /* [CP] Embed Pods Frameworks */,
			);
			buildRules = (
			);
			dependencies = (
			);
			name = HuTi;
			productName = HuTi;
			productReference = FCBF7312299CC33500BF327A /* HuTi.app */;
			productType = "com.apple.product-type.application";
		};
/* End PBXNativeTarget section */

/* Begin PBXProject section */
		FCBF730A299CC33500BF327A /* Project object */ = {
			isa = PBXProject;
			attributes = {
				BuildIndependentTargetsInParallel = 1;
				LastSwiftUpdateCheck = 1400;
				LastUpgradeCheck = 1400;
				TargetAttributes = {
					FCBF7311299CC33500BF327A = {
						CreatedOnToolsVersion = 14.0;
					};
				};
			};
			buildConfigurationList = FCBF730D299CC33500BF327A /* Build configuration list for PBXProject "HuTi" */;
			compatibilityVersion = "Xcode 13.0";
			developmentRegion = en;
			hasScannedForEncodings = 0;
			knownRegions = (
				en,
				Base,
			);
			mainGroup = FCBF7309299CC33500BF327A;
			productRefGroup = FCBF7313299CC33500BF327A /* Products */;
			projectDirPath = "";
			projectRoot = "";
			targets = (
				FCBF7311299CC33500BF327A /* HuTi */,
			);
		};
/* End PBXProject section */

/* Begin PBXResourcesBuildPhase section */
		FCBF7310299CC33500BF327A /* Resources */ = {
			isa = PBXResourcesBuildPhase;
			buildActionMask = 2147483647;
			files = (
				FCC3AD3E29C1722F0050B58B /* FilterViewController.xib in Resources */,
				22CF83A429D9B34600683B98 /* NewPostImageCell.xib in Resources */,
				FC0E76FF29B1A19500E4818C /* ConfirmPasswordViewController.xib in Resources */,
				FCBF7322299CC33A00BF327A /* LaunchScreen.storyboard in Resources */,
				FCBF7330299CC4E500BF327A /* SignInViewController.xib in Resources */,
				FC2E2C1829B71ABB00DADA16 /* AddressCollectionViewCell.xib in Resources */,
				22EC390429C9D2AC00174D65 /* ProjectFilterResultTableViewCell.xib in Resources */,
				FCC3AD4829C2F8C60050B58B /* PostDetailViewController.xib in Resources */,
				FCEE1A1F29B9DAD700AEF380 /* AccountViewController.xib in Resources */,
				FCC3AD4329C1C2220050B58B /* ProjectDetailViewController.xib in Resources */,
				FC0E76C6299CDD4600E4818C /* SignUpViewController.xib in Resources */,
				FCBF731F299CC33A00BF327A /* Assets.xcassets in Resources */,
				FCC3AD3929C01EC90050B58B /* NewPostViewController.xib in Resources */,
				FCC3650229B6D9A5001A9310 /* FilterResultViewController.xib in Resources */,
				FCEE1A2529BAD27500AEF380 /* AccountDetailViewController.xib in Resources */,
				FC0E76CC299F254C00E4818C /* OTPViewController.xib in Resources */,
				FC2E2C1D29B71C2100DADA16 /* FilterResultTableViewCell.xib in Resources */,
				FCC3AD3229BF047B0050B58B /* PostedViewController.xib in Resources */,
			);
			runOnlyForDeploymentPostprocessing = 0;
		};
/* End PBXResourcesBuildPhase section */

/* Begin PBXShellScriptBuildPhase section */
		947E65E93AE47301AB7714BB /* [CP] Embed Pods Frameworks */ = {
			isa = PBXShellScriptBuildPhase;
			buildActionMask = 2147483647;
			files = (
			);
			inputFileListPaths = (
				"${PODS_ROOT}/Target Support Files/Pods-HuTi/Pods-HuTi-frameworks-${CONFIGURATION}-input-files.xcfilelist",
			);
			name = "[CP] Embed Pods Frameworks";
			outputFileListPaths = (
				"${PODS_ROOT}/Target Support Files/Pods-HuTi/Pods-HuTi-frameworks-${CONFIGURATION}-output-files.xcfilelist",
			);
			runOnlyForDeploymentPostprocessing = 0;
			shellPath = /bin/sh;
			shellScript = "\"${PODS_ROOT}/Target Support Files/Pods-HuTi/Pods-HuTi-frameworks.sh\"\n";
			showEnvVarsInLog = 0;
		};
		9712E1503051066EDA9865DC /* [CP] Check Pods Manifest.lock */ = {
			isa = PBXShellScriptBuildPhase;
			buildActionMask = 2147483647;
			files = (
			);
			inputFileListPaths = (
			);
			inputPaths = (
				"${PODS_PODFILE_DIR_PATH}/Podfile.lock",
				"${PODS_ROOT}/Manifest.lock",
			);
			name = "[CP] Check Pods Manifest.lock";
			outputFileListPaths = (
			);
			outputPaths = (
				"$(DERIVED_FILE_DIR)/Pods-HuTi-checkManifestLockResult.txt",
			);
			runOnlyForDeploymentPostprocessing = 0;
			shellPath = /bin/sh;
			shellScript = "diff \"${PODS_PODFILE_DIR_PATH}/Podfile.lock\" \"${PODS_ROOT}/Manifest.lock\" > /dev/null\nif [ $? != 0 ] ; then\n    # print error to STDERR\n    echo \"error: The sandbox is not in sync with the Podfile.lock. Run 'pod install' or update your CocoaPods installation.\" >&2\n    exit 1\nfi\n# This output is used by Xcode 'outputs' to avoid re-running this script phase.\necho \"SUCCESS\" > \"${SCRIPT_OUTPUT_FILE_0}\"\n";
			showEnvVarsInLog = 0;
		};
/* End PBXShellScriptBuildPhase section */

/* Begin PBXSourcesBuildPhase section */
		FCBF730E299CC33500BF327A /* Sources */ = {
			isa = PBXSourcesBuildPhase;
			buildActionMask = 2147483647;
			files = (
				22AEC97229D5DCA50076014A /* AccountDetailViewModel.swift in Sources */,
				22EC390329C9D2AC00174D65 /* ProjectFilterResultTableViewCell.swift in Sources */,
				FCC3AD3D29C1722F0050B58B /* FilterViewController.swift in Sources */,
				22CF839929D9B10900683B98 /* AWSService.swift in Sources */,
				22CB6A6429D832AC009C4F4D /* ProjectDetailViewModel.swift in Sources */,
				228D5FD429CBE84B00439D78 /* FilterViewModel.swift in Sources */,
				22CB6A6629D8330D009C4F4D /* PostDetailViewModel.swift in Sources */,
				22CF839B29D9B13200683B98 /* Asset.swift in Sources */,
				22BDEFAA29D30BE9001C08CC /* AuthService.swift in Sources */,
				FCC3AD4229C1C2220050B58B /* ProjectDetailViewController.swift in Sources */,
				22CF839D29D9B14C00683B98 /* AssetDataModel.swift in Sources */,
				22EC390829CA968F00174D65 /* ResponseMain.swift in Sources */,
				FCC3AD4729C2F8C60050B58B /* PostDetailViewController.swift in Sources */,
				FC0E76CB299F254C00E4818C /* OTPViewController.swift in Sources */,
				FCEE1A2429BAD27500AEF380 /* AccountDetailViewController.swift in Sources */,
				22BDEFAC29D30EA0001C08CC /* SignInViewModel.swift in Sources */,
				FC0E76FE29B1A19500E4818C /* ConfirmPasswordViewController.swift in Sources */,
				22D2E25029C6C09900E46CAF /* AccountViewModel.swift in Sources */,
				22AEC96E29D5CF960076014A /* OTPViewModel.swift in Sources */,
				22CF839F29D9B20600683B98 /* ImageCache.swift in Sources */,
				FC2E2C1C29B71C2100DADA16 /* FilterResultTableViewCell.swift in Sources */,
				22A099A829D0538F008BE7C7 /* ServiceConstants.swift in Sources */,
				22CB6A5E29D806DF009C4F4D /* DateFormatter+Ext.swift in Sources */,
				22CB6A6229D830CD009C4F4D /* BaseViewModel.swift in Sources */,
				FCC3AD3429BF04A60050B58B /* PostedViewModel.swift in Sources */,
				FCC3AD4B29C4236E0050B58B /* BackButton.swift in Sources */,
				22CF83A329D9B34600683B98 /* NewPostImageCell.swift in Sources */,
				FCC364FD29B6D91D001A9310 /* MainTabBarController.swift in Sources */,
				FC2E2C2029B73B4400DADA16 /* Post.swift in Sources */,
				FCBF7316299CC33500BF327A /* AppDelegate.swift in Sources */,
				22CB6A6829D86B71009C4F4D /* PostService.swift in Sources */,
				FCC3AD2729BB33010050B58B /* CommonConstants.swift in Sources */,
				FCC3AD3829C01EC90050B58B /* NewPostViewController.swift in Sources */,
				FC2E2C2229B73BD700DADA16 /* Address.swift in Sources */,
				FCC3AD3129BF047B0050B58B /* PostedViewController.swift in Sources */,
				FCBF7318299CC33500BF327A /* SceneDelegate.swift in Sources */,
				22CF83A629DB219400683B98 /* UIImage+Ext.swift in Sources */,
				FCC3650429B6F164001A9310 /* FilterResultViewModel.swift in Sources */,
				22BDEFAE29D3249E001C08CC /* SignUpViewModel.swift in Sources */,
				22CB6A6029D825AC009C4F4D /* AddressService.swift in Sources */,
				22A099A629D047A8008BE7C7 /* User.swift in Sources */,
				FC0E76C5299CDD4600E4818C /* SignUpViewController.swift in Sources */,
				22D2E25329C6C11600E46CAF /* UserDefault+Ext.swift in Sources */,
				FCC3650129B6D9A5001A9310 /* FilterResultViewController.swift in Sources */,
				FCEE1A1E29B9DAD700AEF380 /* AccountViewController.swift in Sources */,
				2282B38129C6E7CA002C4125 /* NewPostViewModel.swift in Sources */,
				FCBF732F299CC4E500BF327A /* SignInViewController.swift in Sources */,
				22AEC97029D5D4100076014A /* ConfirmPasswordViewModel.swift in Sources */,
				FC0E76D1299F2B5D00E4818C /* BaseViewController.swift in Sources */,
				FC2E2C1729B71ABB00DADA16 /* AddressCollectionViewCell.swift in Sources */,
				22A099A429D04749008BE7C7 /* BaseService.swift in Sources */,
			);
			runOnlyForDeploymentPostprocessing = 0;
		};
/* End PBXSourcesBuildPhase section */

/* Begin PBXVariantGroup section */
		FCBF7320299CC33A00BF327A /* LaunchScreen.storyboard */ = {
			isa = PBXVariantGroup;
			children = (
				FCBF7321299CC33A00BF327A /* Base */,
			);
			name = LaunchScreen.storyboard;
			sourceTree = "<group>";
		};
/* End PBXVariantGroup section */

/* Begin XCBuildConfiguration section */
		FCBF7324299CC33A00BF327A /* Debug */ = {
			isa = XCBuildConfiguration;
			buildSettings = {
				ALWAYS_SEARCH_USER_PATHS = NO;
				CLANG_ANALYZER_NONNULL = YES;
				CLANG_ANALYZER_NUMBER_OBJECT_CONVERSION = YES_AGGRESSIVE;
				CLANG_CXX_LANGUAGE_STANDARD = "gnu++20";
				CLANG_ENABLE_MODULES = YES;
				CLANG_ENABLE_OBJC_ARC = YES;
				CLANG_ENABLE_OBJC_WEAK = YES;
				CLANG_WARN_BLOCK_CAPTURE_AUTORELEASING = YES;
				CLANG_WARN_BOOL_CONVERSION = YES;
				CLANG_WARN_COMMA = YES;
				CLANG_WARN_CONSTANT_CONVERSION = YES;
				CLANG_WARN_DEPRECATED_OBJC_IMPLEMENTATIONS = YES;
				CLANG_WARN_DIRECT_OBJC_ISA_USAGE = YES_ERROR;
				CLANG_WARN_DOCUMENTATION_COMMENTS = YES;
				CLANG_WARN_EMPTY_BODY = YES;
				CLANG_WARN_ENUM_CONVERSION = YES;
				CLANG_WARN_INFINITE_RECURSION = YES;
				CLANG_WARN_INT_CONVERSION = YES;
				CLANG_WARN_NON_LITERAL_NULL_CONVERSION = YES;
				CLANG_WARN_OBJC_IMPLICIT_RETAIN_SELF = YES;
				CLANG_WARN_OBJC_LITERAL_CONVERSION = YES;
				CLANG_WARN_OBJC_ROOT_CLASS = YES_ERROR;
				CLANG_WARN_QUOTED_INCLUDE_IN_FRAMEWORK_HEADER = YES;
				CLANG_WARN_RANGE_LOOP_ANALYSIS = YES;
				CLANG_WARN_STRICT_PROTOTYPES = YES;
				CLANG_WARN_SUSPICIOUS_MOVE = YES;
				CLANG_WARN_UNGUARDED_AVAILABILITY = YES_AGGRESSIVE;
				CLANG_WARN_UNREACHABLE_CODE = YES;
				CLANG_WARN__DUPLICATE_METHOD_MATCH = YES;
				COPY_PHASE_STRIP = NO;
				DEBUG_INFORMATION_FORMAT = dwarf;
				ENABLE_STRICT_OBJC_MSGSEND = YES;
				ENABLE_TESTABILITY = YES;
				GCC_C_LANGUAGE_STANDARD = gnu11;
				GCC_DYNAMIC_NO_PIC = NO;
				GCC_NO_COMMON_BLOCKS = YES;
				GCC_OPTIMIZATION_LEVEL = 0;
				GCC_PREPROCESSOR_DEFINITIONS = (
					"DEBUG=1",
					"$(inherited)",
				);
				GCC_WARN_64_TO_32_BIT_CONVERSION = YES;
				GCC_WARN_ABOUT_RETURN_TYPE = YES_ERROR;
				GCC_WARN_UNDECLARED_SELECTOR = YES;
				GCC_WARN_UNINITIALIZED_AUTOS = YES_AGGRESSIVE;
				GCC_WARN_UNUSED_FUNCTION = YES;
				GCC_WARN_UNUSED_VARIABLE = YES;
				IPHONEOS_DEPLOYMENT_TARGET = 14.0;
				MTL_ENABLE_DEBUG_INFO = INCLUDE_SOURCE;
				MTL_FAST_MATH = YES;
				ONLY_ACTIVE_ARCH = YES;
				SDKROOT = iphoneos;
				SWIFT_ACTIVE_COMPILATION_CONDITIONS = DEBUG;
				SWIFT_OPTIMIZATION_LEVEL = "-Onone";
			};
			name = Debug;
		};
		FCBF7325299CC33A00BF327A /* Release */ = {
			isa = XCBuildConfiguration;
			buildSettings = {
				ALWAYS_SEARCH_USER_PATHS = NO;
				CLANG_ANALYZER_NONNULL = YES;
				CLANG_ANALYZER_NUMBER_OBJECT_CONVERSION = YES_AGGRESSIVE;
				CLANG_CXX_LANGUAGE_STANDARD = "gnu++20";
				CLANG_ENABLE_MODULES = YES;
				CLANG_ENABLE_OBJC_ARC = YES;
				CLANG_ENABLE_OBJC_WEAK = YES;
				CLANG_WARN_BLOCK_CAPTURE_AUTORELEASING = YES;
				CLANG_WARN_BOOL_CONVERSION = YES;
				CLANG_WARN_COMMA = YES;
				CLANG_WARN_CONSTANT_CONVERSION = YES;
				CLANG_WARN_DEPRECATED_OBJC_IMPLEMENTATIONS = YES;
				CLANG_WARN_DIRECT_OBJC_ISA_USAGE = YES_ERROR;
				CLANG_WARN_DOCUMENTATION_COMMENTS = YES;
				CLANG_WARN_EMPTY_BODY = YES;
				CLANG_WARN_ENUM_CONVERSION = YES;
				CLANG_WARN_INFINITE_RECURSION = YES;
				CLANG_WARN_INT_CONVERSION = YES;
				CLANG_WARN_NON_LITERAL_NULL_CONVERSION = YES;
				CLANG_WARN_OBJC_IMPLICIT_RETAIN_SELF = YES;
				CLANG_WARN_OBJC_LITERAL_CONVERSION = YES;
				CLANG_WARN_OBJC_ROOT_CLASS = YES_ERROR;
				CLANG_WARN_QUOTED_INCLUDE_IN_FRAMEWORK_HEADER = YES;
				CLANG_WARN_RANGE_LOOP_ANALYSIS = YES;
				CLANG_WARN_STRICT_PROTOTYPES = YES;
				CLANG_WARN_SUSPICIOUS_MOVE = YES;
				CLANG_WARN_UNGUARDED_AVAILABILITY = YES_AGGRESSIVE;
				CLANG_WARN_UNREACHABLE_CODE = YES;
				CLANG_WARN__DUPLICATE_METHOD_MATCH = YES;
				COPY_PHASE_STRIP = NO;
				DEBUG_INFORMATION_FORMAT = "dwarf-with-dsym";
				ENABLE_NS_ASSERTIONS = NO;
				ENABLE_STRICT_OBJC_MSGSEND = YES;
				GCC_C_LANGUAGE_STANDARD = gnu11;
				GCC_NO_COMMON_BLOCKS = YES;
				GCC_WARN_64_TO_32_BIT_CONVERSION = YES;
				GCC_WARN_ABOUT_RETURN_TYPE = YES_ERROR;
				GCC_WARN_UNDECLARED_SELECTOR = YES;
				GCC_WARN_UNINITIALIZED_AUTOS = YES_AGGRESSIVE;
				GCC_WARN_UNUSED_FUNCTION = YES;
				GCC_WARN_UNUSED_VARIABLE = YES;
				IPHONEOS_DEPLOYMENT_TARGET = 14.0;
				MTL_ENABLE_DEBUG_INFO = NO;
				MTL_FAST_MATH = YES;
				SDKROOT = iphoneos;
				SWIFT_COMPILATION_MODE = wholemodule;
				SWIFT_OPTIMIZATION_LEVEL = "-O";
				VALIDATE_PRODUCT = YES;
			};
			name = Release;
		};
		FCBF7327299CC33A00BF327A /* Debug */ = {
			isa = XCBuildConfiguration;
			baseConfigurationReference = 620668C98BB036879901C46F /* Pods-HuTi.debug.xcconfig */;
			buildSettings = {
				ASSETCATALOG_COMPILER_APPICON_NAME = AppIcon;
				ASSETCATALOG_COMPILER_GLOBAL_ACCENT_COLOR_NAME = AccentColor;
				CODE_SIGN_STYLE = Automatic;
				CURRENT_PROJECT_VERSION = 1;
				DEVELOPMENT_TEAM = AQKCQ33V6N;
				GENERATE_INFOPLIST_FILE = YES;
				INFOPLIST_FILE = HuTi/Info.plist;
				INFOPLIST_KEY_UIApplicationSupportsIndirectInputEvents = YES;
				INFOPLIST_KEY_UILaunchStoryboardName = LaunchScreen;
				INFOPLIST_KEY_UISupportedInterfaceOrientations = UIInterfaceOrientationPortrait;
				LD_RUNPATH_SEARCH_PATHS = (
					"$(inherited)",
					"@executable_path/Frameworks",
				);
				MARKETING_VERSION = 1.0;
				PRODUCT_BUNDLE_IDENTIFIER = com.thinhnguyenphuc.HuTi;
				PRODUCT_NAME = "$(TARGET_NAME)";
				SWIFT_EMIT_LOC_STRINGS = YES;
				SWIFT_VERSION = 5.0;
				TARGETED_DEVICE_FAMILY = "1,2";
			};
			name = Debug;
		};
		FCBF7328299CC33A00BF327A /* Release */ = {
			isa = XCBuildConfiguration;
			baseConfigurationReference = 202975FB1ABBB5219A59709D /* Pods-HuTi.release.xcconfig */;
			buildSettings = {
				ASSETCATALOG_COMPILER_APPICON_NAME = AppIcon;
				ASSETCATALOG_COMPILER_GLOBAL_ACCENT_COLOR_NAME = AccentColor;
				CODE_SIGN_STYLE = Automatic;
				CURRENT_PROJECT_VERSION = 1;
				DEVELOPMENT_TEAM = AQKCQ33V6N;
				GENERATE_INFOPLIST_FILE = YES;
				INFOPLIST_FILE = HuTi/Info.plist;
				INFOPLIST_KEY_UIApplicationSupportsIndirectInputEvents = YES;
				INFOPLIST_KEY_UILaunchStoryboardName = LaunchScreen;
				INFOPLIST_KEY_UISupportedInterfaceOrientations = UIInterfaceOrientationPortrait;
				LD_RUNPATH_SEARCH_PATHS = (
					"$(inherited)",
					"@executable_path/Frameworks",
				);
				MARKETING_VERSION = 1.0;
				PRODUCT_BUNDLE_IDENTIFIER = com.thinhnguyenphuc.HuTi;
				PRODUCT_NAME = "$(TARGET_NAME)";
				SWIFT_EMIT_LOC_STRINGS = YES;
				SWIFT_VERSION = 5.0;
				TARGETED_DEVICE_FAMILY = "1,2";
			};
			name = Release;
		};
/* End XCBuildConfiguration section */

/* Begin XCConfigurationList section */
		FCBF730D299CC33500BF327A /* Build configuration list for PBXProject "HuTi" */ = {
			isa = XCConfigurationList;
			buildConfigurations = (
				FCBF7324299CC33A00BF327A /* Debug */,
				FCBF7325299CC33A00BF327A /* Release */,
			);
			defaultConfigurationIsVisible = 0;
			defaultConfigurationName = Release;
		};
		FCBF7326299CC33A00BF327A /* Build configuration list for PBXNativeTarget "HuTi" */ = {
			isa = XCConfigurationList;
			buildConfigurations = (
				FCBF7327299CC33A00BF327A /* Debug */,
				FCBF7328299CC33A00BF327A /* Release */,
			);
			defaultConfigurationIsVisible = 0;
			defaultConfigurationName = Release;
		};
/* End XCConfigurationList section */
	};
	rootObject = FCBF730A299CC33500BF327A /* Project object */;
}
